// !$*UTF8*$!
{
	archiveVersion = 1;
	classes = {
	};
	objectVersion = 56;
	objects = {

/* Begin PBXBuildFile section */
		D10BB78B29C65CC70074C6C6 /* FirebaseAuth in Frameworks */ = {isa = PBXBuildFile; productRef = D10BB78A29C65CC70074C6C6 /* FirebaseAuth */; };
		D10BB78E29C678880074C6C6 /* Extension.swift in Sources */ = {isa = PBXBuildFile; fileRef = D10BB78D29C678880074C6C6 /* Extension.swift */; };
		D12091BA29C4C16100F04C0A /* Localizable.strings in Resources */ = {isa = PBXBuildFile; fileRef = D12091BC29C4C16100F04C0A /* Localizable.strings */; };
		D12091C129C5211300F04C0A /* GoogleService-Info.plist in Resources */ = {isa = PBXBuildFile; fileRef = D12091C029C5211200F04C0A /* GoogleService-Info.plist */; };
		D12091C429C52DF200F04C0A /* FirebaseAnalytics in Frameworks */ = {isa = PBXBuildFile; productRef = D12091C329C52DF200F04C0A /* FirebaseAnalytics */; };
		D12091C629C52DF200F04C0A /* FirebaseAnalyticsSwift in Frameworks */ = {isa = PBXBuildFile; productRef = D12091C529C52DF200F04C0A /* FirebaseAnalyticsSwift */; };
		D12091C829C52DF200F04C0A /* FirebaseAnalyticsWithoutAdIdSupport in Frameworks */ = {isa = PBXBuildFile; productRef = D12091C729C52DF200F04C0A /* FirebaseAnalyticsWithoutAdIdSupport */; };
		D12091CB29C52EA700F04C0A /* AppDelegate.swift in Sources */ = {isa = PBXBuildFile; fileRef = D12091CA29C52EA700F04C0A /* AppDelegate.swift */; };
		D12091CD29C5351800F04C0A /* LoginViewModel.swift in Sources */ = {isa = PBXBuildFile; fileRef = D12091CC29C5351800F04C0A /* LoginViewModel.swift */; };
		D18B0EF629CA8C0F0092F7E5 /* CreateCuentaViewModel.swift in Sources */ = {isa = PBXBuildFile; fileRef = D18B0EF529CA8C0F0092F7E5 /* CreateCuentaViewModel.swift */; };
		D18B0EFD29CB4B8E0092F7E5 /* HomeView.swift in Sources */ = {isa = PBXBuildFile; fileRef = D18B0EFC29CB4B8E0092F7E5 /* HomeView.swift */; };
		D18B0EFF29CB4C2F0092F7E5 /* LikeView.swift in Sources */ = {isa = PBXBuildFile; fileRef = D18B0EFE29CB4C2F0092F7E5 /* LikeView.swift */; };
		D18B0F0129CB4C3B0092F7E5 /* LupaView.swift in Sources */ = {isa = PBXBuildFile; fileRef = D18B0F0029CB4C3B0092F7E5 /* LupaView.swift */; };
		D18B0F0329CB4C4D0092F7E5 /* NotificationView.swift in Sources */ = {isa = PBXBuildFile; fileRef = D18B0F0229CB4C4D0092F7E5 /* NotificationView.swift */; };
		D18B0F0529CB4C580092F7E5 /* CarritoView.swift in Sources */ = {isa = PBXBuildFile; fileRef = D18B0F0429CB4C580092F7E5 /* CarritoView.swift */; };
		D18B0F0729CB5EC30092F7E5 /* HomeViewModel.swift in Sources */ = {isa = PBXBuildFile; fileRef = D18B0F0629CB5EC30092F7E5 /* HomeViewModel.swift */; };
		D18C9C1729CD096600FB6A61 /* FirebaseStorage in Frameworks */ = {isa = PBXBuildFile; productRef = D18C9C1629CD096600FB6A61 /* FirebaseStorage */; };
		D18C9C1929CD1AF300FB6A61 /* Categoria.swift in Sources */ = {isa = PBXBuildFile; fileRef = D18C9C1829CD1AF300FB6A61 /* Categoria.swift */; };
		D18C9C1B29CD1B4800FB6A61 /* FirebaseFirestore in Frameworks */ = {isa = PBXBuildFile; productRef = D18C9C1A29CD1B4800FB6A61 /* FirebaseFirestore */; };
		D18C9C1E29CD398100FB6A61 /* Kingfisher in Frameworks */ = {isa = PBXBuildFile; productRef = D18C9C1D29CD398100FB6A61 /* Kingfisher */; };
		D1B0DCCA29C132A5003A074A /* Food_App.swift in Sources */ = {isa = PBXBuildFile; fileRef = D1B0DCC929C132A5003A074A /* Food_App.swift */; };
		D1B0DCCE29C132A9003A074A /* Assets.xcassets in Resources */ = {isa = PBXBuildFile; fileRef = D1B0DCCD29C132A9003A074A /* Assets.xcassets */; };
		D1B0DCD129C132A9003A074A /* Preview Assets.xcassets in Resources */ = {isa = PBXBuildFile; fileRef = D1B0DCD029C132A9003A074A /* Preview Assets.xcassets */; };
		D1B0DCD329C132A9003A074A /* Persistence.swift in Sources */ = {isa = PBXBuildFile; fileRef = D1B0DCD229C132A9003A074A /* Persistence.swift */; };
		D1B0DCD629C132A9003A074A /* FoodApp.xcdatamodeld in Sources */ = {isa = PBXBuildFile; fileRef = D1B0DCD429C132A9003A074A /* FoodApp.xcdatamodeld */; };
		D1B0DCE029C132AA003A074A /* FoodAppTests.swift in Sources */ = {isa = PBXBuildFile; fileRef = D1B0DCDF29C132AA003A074A /* FoodAppTests.swift */; };
		D1B0DCEA29C132AA003A074A /* FoodAppUITests.swift in Sources */ = {isa = PBXBuildFile; fileRef = D1B0DCE929C132AA003A074A /* FoodAppUITests.swift */; };
		D1B0DCEC29C132AA003A074A /* FoodAppUITestsLaunchTests.swift in Sources */ = {isa = PBXBuildFile; fileRef = D1B0DCEB29C132AA003A074A /* FoodAppUITestsLaunchTests.swift */; };
		D1B333AD29C3CB04002D92B2 /* PagingView.swift in Sources */ = {isa = PBXBuildFile; fileRef = D1B333AC29C3CB04002D92B2 /* PagingView.swift */; };
		D1B333AF29C3CB15002D92B2 /* PageControlView.swift in Sources */ = {isa = PBXBuildFile; fileRef = D1B333AE29C3CB15002D92B2 /* PageControlView.swift */; };
		D1B333B129C3CD1E002D92B2 /* BienvenidaModelo.swift in Sources */ = {isa = PBXBuildFile; fileRef = D1B333B029C3CD1E002D92B2 /* BienvenidaModelo.swift */; };
		D1B333B729C3E3DB002D92B2 /* L10n.swift in Sources */ = {isa = PBXBuildFile; fileRef = D1B333B629C3E3DB002D92B2 /* L10n.swift */; };
		D1B333B929C3FA5C002D92B2 /* Assets.swift in Sources */ = {isa = PBXBuildFile; fileRef = D1B333B829C3FA5C002D92B2 /* Assets.swift */; };
		D1D7FFD229C169600020033D /* LoginView.swift in Sources */ = {isa = PBXBuildFile; fileRef = D1D7FFD129C169600020033D /* LoginView.swift */; };
		D1D7FFD729C169CA0020033D /* CreateCuentaView.swift in Sources */ = {isa = PBXBuildFile; fileRef = D1D7FFD629C169CA0020033D /* CreateCuentaView.swift */; };
		D1D7FFDA29C16BCA0020033D /* BienvenidaView.swift in Sources */ = {isa = PBXBuildFile; fileRef = D1D7FFD929C16BCA0020033D /* BienvenidaView.swift */; };
		D1D7FFDD29C212D60020033D /* TabPrincipalView.swift in Sources */ = {isa = PBXBuildFile; fileRef = D1D7FFDC29C212D60020033D /* TabPrincipalView.swift */; };
		D1D7FFDF29C214300020033D /* Componentes.swift in Sources */ = {isa = PBXBuildFile; fileRef = D1D7FFDE29C214300020033D /* Componentes.swift */; };
		D1D7FFE229C21F2B0020033D /* ForgotPaswordView.swift in Sources */ = {isa = PBXBuildFile; fileRef = D1D7FFE129C21F2B0020033D /* ForgotPaswordView.swift */; };
		D1D7FFE529C222930020033D /* ResetPasswordView.swift in Sources */ = {isa = PBXBuildFile; fileRef = D1D7FFE429C222930020033D /* ResetPasswordView.swift */; };
		D1D7FFE829C223730020033D /* NewPasswordView.swift in Sources */ = {isa = PBXBuildFile; fileRef = D1D7FFE729C223730020033D /* NewPasswordView.swift */; };
		D1D7FFEA29C229DC0020033D /* AppSharedViewModel.swift in Sources */ = {isa = PBXBuildFile; fileRef = D1D7FFE929C229DC0020033D /* AppSharedViewModel.swift */; };
/* End PBXBuildFile section */

/* Begin PBXContainerItemProxy section */
		D1B0DCDC29C132AA003A074A /* PBXContainerItemProxy */ = {
			isa = PBXContainerItemProxy;
			containerPortal = D1B0DCBE29C132A5003A074A /* Project object */;
			proxyType = 1;
			remoteGlobalIDString = D1B0DCC529C132A5003A074A;
			remoteInfo = FoodApp;
		};
		D1B0DCE629C132AA003A074A /* PBXContainerItemProxy */ = {
			isa = PBXContainerItemProxy;
			containerPortal = D1B0DCBE29C132A5003A074A /* Project object */;
			proxyType = 1;
			remoteGlobalIDString = D1B0DCC529C132A5003A074A;
			remoteInfo = FoodApp;
		};
/* End PBXContainerItemProxy section */

/* Begin PBXFileReference section */
		D10BB78D29C678880074C6C6 /* Extension.swift */ = {isa = PBXFileReference; lastKnownFileType = sourcecode.swift; path = Extension.swift; sourceTree = "<group>"; };
		D12091BB29C4C16100F04C0A /* en */ = {isa = PBXFileReference; lastKnownFileType = text.plist.strings; name = en; path = en.lproj/Localizable.strings; sourceTree = "<group>"; };
		D12091BD29C4C1D900F04C0A /* es-419 */ = {isa = PBXFileReference; lastKnownFileType = text.plist.strings; name = "es-419"; path = "es-419.lproj/Localizable.strings"; sourceTree = "<group>"; };
		D12091C029C5211200F04C0A /* GoogleService-Info.plist */ = {isa = PBXFileReference; fileEncoding = 4; lastKnownFileType = text.plist.xml; path = "GoogleService-Info.plist"; sourceTree = "<group>"; };
		D12091CA29C52EA700F04C0A /* AppDelegate.swift */ = {isa = PBXFileReference; lastKnownFileType = sourcecode.swift; path = AppDelegate.swift; sourceTree = "<group>"; };
		D12091CC29C5351800F04C0A /* LoginViewModel.swift */ = {isa = PBXFileReference; lastKnownFileType = sourcecode.swift; path = LoginViewModel.swift; sourceTree = "<group>"; };
		D120BA3329C37A25006E756F /* Info.plist */ = {isa = PBXFileReference; lastKnownFileType = text.plist; path = Info.plist; sourceTree = "<group>"; };
		D18B0EF529CA8C0F0092F7E5 /* CreateCuentaViewModel.swift */ = {isa = PBXFileReference; lastKnownFileType = sourcecode.swift; path = CreateCuentaViewModel.swift; sourceTree = "<group>"; };
		D18B0EFC29CB4B8E0092F7E5 /* HomeView.swift */ = {isa = PBXFileReference; lastKnownFileType = sourcecode.swift; path = HomeView.swift; sourceTree = "<group>"; };
		D18B0EFE29CB4C2F0092F7E5 /* LikeView.swift */ = {isa = PBXFileReference; lastKnownFileType = sourcecode.swift; path = LikeView.swift; sourceTree = "<group>"; };
		D18B0F0029CB4C3B0092F7E5 /* LupaView.swift */ = {isa = PBXFileReference; lastKnownFileType = sourcecode.swift; path = LupaView.swift; sourceTree = "<group>"; };
		D18B0F0229CB4C4D0092F7E5 /* NotificationView.swift */ = {isa = PBXFileReference; lastKnownFileType = sourcecode.swift; path = NotificationView.swift; sourceTree = "<group>"; };
		D18B0F0429CB4C580092F7E5 /* CarritoView.swift */ = {isa = PBXFileReference; lastKnownFileType = sourcecode.swift; path = CarritoView.swift; sourceTree = "<group>"; };
		D18B0F0629CB5EC30092F7E5 /* HomeViewModel.swift */ = {isa = PBXFileReference; lastKnownFileType = sourcecode.swift; path = HomeViewModel.swift; sourceTree = "<group>"; };
		D18C9C1829CD1AF300FB6A61 /* Categoria.swift */ = {isa = PBXFileReference; lastKnownFileType = sourcecode.swift; path = Categoria.swift; sourceTree = "<group>"; };
		D1B0DCC629C132A5003A074A /* FoodApp.app */ = {isa = PBXFileReference; explicitFileType = wrapper.application; includeInIndex = 0; path = FoodApp.app; sourceTree = BUILT_PRODUCTS_DIR; };
		D1B0DCC929C132A5003A074A /* Food_App.swift */ = {isa = PBXFileReference; lastKnownFileType = sourcecode.swift; path = Food_App.swift; sourceTree = "<group>"; };
		D1B0DCCD29C132A9003A074A /* Assets.xcassets */ = {isa = PBXFileReference; lastKnownFileType = folder.assetcatalog; path = Assets.xcassets; sourceTree = "<group>"; };
		D1B0DCD029C132A9003A074A /* Preview Assets.xcassets */ = {isa = PBXFileReference; lastKnownFileType = folder.assetcatalog; path = "Preview Assets.xcassets"; sourceTree = "<group>"; };
		D1B0DCD229C132A9003A074A /* Persistence.swift */ = {isa = PBXFileReference; lastKnownFileType = sourcecode.swift; path = Persistence.swift; sourceTree = "<group>"; };
		D1B0DCD529C132A9003A074A /* FoodApp.xcdatamodel */ = {isa = PBXFileReference; lastKnownFileType = wrapper.xcdatamodel; path = FoodApp.xcdatamodel; sourceTree = "<group>"; };
		D1B0DCDB29C132AA003A074A /* FoodAppTests.xctest */ = {isa = PBXFileReference; explicitFileType = wrapper.cfbundle; includeInIndex = 0; path = FoodAppTests.xctest; sourceTree = BUILT_PRODUCTS_DIR; };
		D1B0DCDF29C132AA003A074A /* FoodAppTests.swift */ = {isa = PBXFileReference; lastKnownFileType = sourcecode.swift; path = FoodAppTests.swift; sourceTree = "<group>"; };
		D1B0DCE529C132AA003A074A /* FoodAppUITests.xctest */ = {isa = PBXFileReference; explicitFileType = wrapper.cfbundle; includeInIndex = 0; path = FoodAppUITests.xctest; sourceTree = BUILT_PRODUCTS_DIR; };
		D1B0DCE929C132AA003A074A /* FoodAppUITests.swift */ = {isa = PBXFileReference; lastKnownFileType = sourcecode.swift; path = FoodAppUITests.swift; sourceTree = "<group>"; };
		D1B0DCEB29C132AA003A074A /* FoodAppUITestsLaunchTests.swift */ = {isa = PBXFileReference; lastKnownFileType = sourcecode.swift; path = FoodAppUITestsLaunchTests.swift; sourceTree = "<group>"; };
		D1B333AC29C3CB04002D92B2 /* PagingView.swift */ = {isa = PBXFileReference; lastKnownFileType = sourcecode.swift; path = PagingView.swift; sourceTree = "<group>"; };
		D1B333AE29C3CB15002D92B2 /* PageControlView.swift */ = {isa = PBXFileReference; lastKnownFileType = sourcecode.swift; path = PageControlView.swift; sourceTree = "<group>"; };
		D1B333B029C3CD1E002D92B2 /* BienvenidaModelo.swift */ = {isa = PBXFileReference; lastKnownFileType = sourcecode.swift; path = BienvenidaModelo.swift; sourceTree = "<group>"; };
		D1B333B629C3E3DB002D92B2 /* L10n.swift */ = {isa = PBXFileReference; lastKnownFileType = sourcecode.swift; path = L10n.swift; sourceTree = "<group>"; };
		D1B333B829C3FA5C002D92B2 /* Assets.swift */ = {isa = PBXFileReference; lastKnownFileType = sourcecode.swift; path = Assets.swift; sourceTree = "<group>"; };
		D1D7FFD129C169600020033D /* LoginView.swift */ = {isa = PBXFileReference; lastKnownFileType = sourcecode.swift; path = LoginView.swift; sourceTree = "<group>"; };
		D1D7FFD629C169CA0020033D /* CreateCuentaView.swift */ = {isa = PBXFileReference; lastKnownFileType = sourcecode.swift; path = CreateCuentaView.swift; sourceTree = "<group>"; };
		D1D7FFD929C16BCA0020033D /* BienvenidaView.swift */ = {isa = PBXFileReference; lastKnownFileType = sourcecode.swift; path = BienvenidaView.swift; sourceTree = "<group>"; };
		D1D7FFDC29C212D60020033D /* TabPrincipalView.swift */ = {isa = PBXFileReference; lastKnownFileType = sourcecode.swift; path = TabPrincipalView.swift; sourceTree = "<group>"; };
		D1D7FFDE29C214300020033D /* Componentes.swift */ = {isa = PBXFileReference; lastKnownFileType = sourcecode.swift; path = Componentes.swift; sourceTree = "<group>"; };
		D1D7FFE129C21F2B0020033D /* ForgotPaswordView.swift */ = {isa = PBXFileReference; lastKnownFileType = sourcecode.swift; path = ForgotPaswordView.swift; sourceTree = "<group>"; };
		D1D7FFE429C222930020033D /* ResetPasswordView.swift */ = {isa = PBXFileReference; lastKnownFileType = sourcecode.swift; path = ResetPasswordView.swift; sourceTree = "<group>"; };
		D1D7FFE729C223730020033D /* NewPasswordView.swift */ = {isa = PBXFileReference; lastKnownFileType = sourcecode.swift; path = NewPasswordView.swift; sourceTree = "<group>"; };
		D1D7FFE929C229DC0020033D /* AppSharedViewModel.swift */ = {isa = PBXFileReference; lastKnownFileType = sourcecode.swift; path = AppSharedViewModel.swift; sourceTree = "<group>"; };
/* End PBXFileReference section */

/* Begin PBXFrameworksBuildPhase section */
		D1B0DCC329C132A5003A074A /* Frameworks */ = {
			isa = PBXFrameworksBuildPhase;
			buildActionMask = 2147483647;
			files = (
				D12091C629C52DF200F04C0A /* FirebaseAnalyticsSwift in Frameworks */,
				D12091C829C52DF200F04C0A /* FirebaseAnalyticsWithoutAdIdSupport in Frameworks */,
				D18C9C1E29CD398100FB6A61 /* Kingfisher in Frameworks */,
				D12091C429C52DF200F04C0A /* FirebaseAnalytics in Frameworks */,
				D18C9C1729CD096600FB6A61 /* FirebaseStorage in Frameworks */,
				D10BB78B29C65CC70074C6C6 /* FirebaseAuth in Frameworks */,
				D18C9C1B29CD1B4800FB6A61 /* FirebaseFirestore in Frameworks */,
			);
			runOnlyForDeploymentPostprocessing = 0;
		};
		D1B0DCD829C132AA003A074A /* Frameworks */ = {
			isa = PBXFrameworksBuildPhase;
			buildActionMask = 2147483647;
			files = (
			);
			runOnlyForDeploymentPostprocessing = 0;
		};
		D1B0DCE229C132AA003A074A /* Frameworks */ = {
			isa = PBXFrameworksBuildPhase;
			buildActionMask = 2147483647;
			files = (
			);
			runOnlyForDeploymentPostprocessing = 0;
		};
/* End PBXFrameworksBuildPhase section */

/* Begin PBXGroup section */
		D10BB78929C65CC70074C6C6 /* Frameworks */ = {
			isa = PBXGroup;
			children = (
			);
			name = Frameworks;
			sourceTree = "<group>";
		};
		D10BB78C29C6786F0074C6C6 /* Utilitarios */ = {
			isa = PBXGroup;
			children = (
				D10BB78D29C678880074C6C6 /* Extension.swift */,
			);
			path = Utilitarios;
			sourceTree = "<group>";
		};
		D12091BF29C51EE300F04C0A /* Recursos */ = {
			isa = PBXGroup;
			children = (
				D1B0DCCD29C132A9003A074A /* Assets.xcassets */,
			);
			path = Recursos;
			sourceTree = "<group>";
		};
		D18B0EF729CB4B310092F7E5 /* Home */ = {
			isa = PBXGroup;
			children = (
				D18B0EFC29CB4B8E0092F7E5 /* HomeView.swift */,
				D18B0F0629CB5EC30092F7E5 /* HomeViewModel.swift */,
			);
			path = Home;
			sourceTree = "<group>";
		};
		D18B0EF829CB4B3E0092F7E5 /* Like */ = {
			isa = PBXGroup;
			children = (
				D18B0EFE29CB4C2F0092F7E5 /* LikeView.swift */,
			);
			path = Like;
			sourceTree = "<group>";
		};
		D18B0EF929CB4B4A0092F7E5 /* Notification */ = {
			isa = PBXGroup;
			children = (
				D18B0F0229CB4C4D0092F7E5 /* NotificationView.swift */,
			);
			path = Notification;
			sourceTree = "<group>";
		};
		D18B0EFA29CB4B550092F7E5 /* Carrito */ = {
			isa = PBXGroup;
			children = (
				D18B0F0429CB4C580092F7E5 /* CarritoView.swift */,
			);
			path = Carrito;
			sourceTree = "<group>";
		};
		D18B0EFB29CB4B6B0092F7E5 /* Lupa */ = {
			isa = PBXGroup;
			children = (
				D18B0F0029CB4C3B0092F7E5 /* LupaView.swift */,
			);
			path = Lupa;
			sourceTree = "<group>";
		};
		D1B0DCBD29C132A5003A074A = {
			isa = PBXGroup;
			children = (
				D1B0DCC829C132A5003A074A /* FoodApp */,
				D1B0DCDE29C132AA003A074A /* FoodAppTests */,
				D1B0DCE829C132AA003A074A /* FoodAppUITests */,
				D1B0DCC729C132A5003A074A /* Products */,
				D10BB78929C65CC70074C6C6 /* Frameworks */,
			);
			sourceTree = "<group>";
		};
		D1B0DCC729C132A5003A074A /* Products */ = {
			isa = PBXGroup;
			children = (
				D1B0DCC629C132A5003A074A /* FoodApp.app */,
				D1B0DCDB29C132AA003A074A /* FoodAppTests.xctest */,
				D1B0DCE529C132AA003A074A /* FoodAppUITests.xctest */,
			);
			name = Products;
			sourceTree = "<group>";
		};
		D1B0DCC829C132A5003A074A /* FoodApp */ = {
			isa = PBXGroup;
			children = (
				D12091C029C5211200F04C0A /* GoogleService-Info.plist */,
				D120BA3329C37A25006E756F /* Info.plist */,
				D12091BF29C51EE300F04C0A /* Recursos */,
				D1B0DCFB29C13C31003A074A /* Dominio */,
				D1B333B229C3E396002D92B2 /* Presentation */,
				D1B0DCFA29C13C18003A074A /* App */,
				D1B0DCF929C13C0A003A074A /* Componentes */,
				D10BB78C29C6786F0074C6C6 /* Utilitarios */,
				D1B0DCD229C132A9003A074A /* Persistence.swift */,
				D1B0DCD429C132A9003A074A /* FoodApp.xcdatamodeld */,
				D1B0DCCF29C132A9003A074A /* Preview Content */,
				D12091BC29C4C16100F04C0A /* Localizable.strings */,
			);
			path = FoodApp;
			sourceTree = "<group>";
		};
		D1B0DCCF29C132A9003A074A /* Preview Content */ = {
			isa = PBXGroup;
			children = (
				D1B0DCD029C132A9003A074A /* Preview Assets.xcassets */,
			);
			path = "Preview Content";
			sourceTree = "<group>";
		};
		D1B0DCDE29C132AA003A074A /* FoodAppTests */ = {
			isa = PBXGroup;
			children = (
				D1B0DCDF29C132AA003A074A /* FoodAppTests.swift */,
			);
			path = FoodAppTests;
			sourceTree = "<group>";
		};
		D1B0DCE829C132AA003A074A /* FoodAppUITests */ = {
			isa = PBXGroup;
			children = (
				D1B0DCE929C132AA003A074A /* FoodAppUITests.swift */,
				D1B0DCEB29C132AA003A074A /* FoodAppUITestsLaunchTests.swift */,
			);
			path = FoodAppUITests;
			sourceTree = "<group>";
		};
		D1B0DCF829C136A7003A074A /* Views */ = {
			isa = PBXGroup;
			children = (
				D1D7FFD829C16BAB0020033D /* Bienvenida */,
				D1D7FFD029C1694C0020033D /* Autentication */,
				D1D7FFDB29C212BE0020033D /* TabPrincipal */,
			);
			path = Views;
			sourceTree = "<group>";
		};
		D1B0DCF929C13C0A003A074A /* Componentes */ = {
			isa = PBXGroup;
			children = (
				D1D7FFDE29C214300020033D /* Componentes.swift */,
			);
			path = Componentes;
			sourceTree = "<group>";
		};
		D1B0DCFA29C13C18003A074A /* App */ = {
			isa = PBXGroup;
			children = (
				D1B0DCC929C132A5003A074A /* Food_App.swift */,
				D1D7FFE929C229DC0020033D /* AppSharedViewModel.swift */,
				D12091CA29C52EA700F04C0A /* AppDelegate.swift */,
			);
			path = App;
			sourceTree = "<group>";
		};
		D1B0DCFB29C13C31003A074A /* Dominio */ = {
			isa = PBXGroup;
			children = (
				D1B0DCFC29C13C39003A074A /* Modelos */,
			);
			path = Dominio;
			sourceTree = "<group>";
		};
		D1B0DCFC29C13C39003A074A /* Modelos */ = {
			isa = PBXGroup;
			children = (
				D1B333B029C3CD1E002D92B2 /* BienvenidaModelo.swift */,
				D18C9C1829CD1AF300FB6A61 /* Categoria.swift */,
			);
			path = Modelos;
			sourceTree = "<group>";
		};
		D1B333B229C3E396002D92B2 /* Presentation */ = {
			isa = PBXGroup;
			children = (
				D1B333B329C3E3A5002D92B2 /* Generado */,
				D1B333B429C3E3AE002D92B2 /* Routes */,
				D1B333B529C3E3B5002D92B2 /* UI */,
			);
			path = Presentation;
			sourceTree = "<group>";
		};
		D1B333B329C3E3A5002D92B2 /* Generado */ = {
			isa = PBXGroup;
			children = (
				D1B333B629C3E3DB002D92B2 /* L10n.swift */,
				D1B333B829C3FA5C002D92B2 /* Assets.swift */,
			);
			path = Generado;
			sourceTree = "<group>";
		};
		D1B333B429C3E3AE002D92B2 /* Routes */ = {
			isa = PBXGroup;
			children = (
			);
			path = Routes;
			sourceTree = "<group>";
		};
		D1B333B529C3E3B5002D92B2 /* UI */ = {
			isa = PBXGroup;
			children = (
				D1B0DCF829C136A7003A074A /* Views */,
			);
			path = UI;
			sourceTree = "<group>";
		};
		D1D7FFCF29C168500020033D /* Login */ = {
			isa = PBXGroup;
			children = (
				D1D7FFD129C169600020033D /* LoginView.swift */,
				D12091CC29C5351800F04C0A /* LoginViewModel.swift */,
			);
			path = Login;
			sourceTree = "<group>";
		};
		D1D7FFD029C1694C0020033D /* Autentication */ = {
			isa = PBXGroup;
			children = (
				D1D7FFE629C223600020033D /* NewPassword */,
				D1D7FFE329C222790020033D /* RestPassword */,
				D1D7FFE029C21F0E0020033D /* ForgotPassword */,
				D1D7FFD329C169680020033D /* Create */,
				D1D7FFCF29C168500020033D /* Login */,
			);
			path = Autentication;
			sourceTree = "<group>";
		};
		D1D7FFD329C169680020033D /* Create */ = {
			isa = PBXGroup;
			children = (
				D1D7FFD629C169CA0020033D /* CreateCuentaView.swift */,
				D18B0EF529CA8C0F0092F7E5 /* CreateCuentaViewModel.swift */,
			);
			path = Create;
			sourceTree = "<group>";
		};
		D1D7FFD829C16BAB0020033D /* Bienvenida */ = {
			isa = PBXGroup;
			children = (
				D1D7FFD929C16BCA0020033D /* BienvenidaView.swift */,
				D1B333AC29C3CB04002D92B2 /* PagingView.swift */,
				D1B333AE29C3CB15002D92B2 /* PageControlView.swift */,
			);
			path = Bienvenida;
			sourceTree = "<group>";
		};
		D1D7FFDB29C212BE0020033D /* TabPrincipal */ = {
			isa = PBXGroup;
			children = (
				D18B0EFA29CB4B550092F7E5 /* Carrito */,
				D18B0EF929CB4B4A0092F7E5 /* Notification */,
				D18B0EFB29CB4B6B0092F7E5 /* Lupa */,
				D18B0EF829CB4B3E0092F7E5 /* Like */,
				D18B0EF729CB4B310092F7E5 /* Home */,
				D1D7FFDC29C212D60020033D /* TabPrincipalView.swift */,
			);
			path = TabPrincipal;
			sourceTree = "<group>";
		};
		D1D7FFE029C21F0E0020033D /* ForgotPassword */ = {
			isa = PBXGroup;
			children = (
				D1D7FFE129C21F2B0020033D /* ForgotPaswordView.swift */,
			);
			path = ForgotPassword;
			sourceTree = "<group>";
		};
		D1D7FFE329C222790020033D /* RestPassword */ = {
			isa = PBXGroup;
			children = (
				D1D7FFE429C222930020033D /* ResetPasswordView.swift */,
			);
			path = RestPassword;
			sourceTree = "<group>";
		};
		D1D7FFE629C223600020033D /* NewPassword */ = {
			isa = PBXGroup;
			children = (
				D1D7FFE729C223730020033D /* NewPasswordView.swift */,
			);
			path = NewPassword;
			sourceTree = "<group>";
		};
/* End PBXGroup section */

/* Begin PBXNativeTarget section */
		D1B0DCC529C132A5003A074A /* FoodApp */ = {
			isa = PBXNativeTarget;
			buildConfigurationList = D1B0DCEF29C132AA003A074A /* Build configuration list for PBXNativeTarget "FoodApp" */;
			buildPhases = (
				D1B0DCC229C132A5003A074A /* Sources */,
				D1B0DCC329C132A5003A074A /* Frameworks */,
				D1B0DCC429C132A5003A074A /* Resources */,
			);
			buildRules = (
			);
			dependencies = (
			);
			name = FoodApp;
			packageProductDependencies = (
				D12091C329C52DF200F04C0A /* FirebaseAnalytics */,
				D12091C529C52DF200F04C0A /* FirebaseAnalyticsSwift */,
				D12091C729C52DF200F04C0A /* FirebaseAnalyticsWithoutAdIdSupport */,
				D10BB78A29C65CC70074C6C6 /* FirebaseAuth */,
				D18C9C1629CD096600FB6A61 /* FirebaseStorage */,
				D18C9C1A29CD1B4800FB6A61 /* FirebaseFirestore */,
				D18C9C1D29CD398100FB6A61 /* Kingfisher */,
			);
			productName = FoodApp;
			productReference = D1B0DCC629C132A5003A074A /* FoodApp.app */;
			productType = "com.apple.product-type.application";
		};
		D1B0DCDA29C132AA003A074A /* FoodAppTests */ = {
			isa = PBXNativeTarget;
			buildConfigurationList = D1B0DCF229C132AA003A074A /* Build configuration list for PBXNativeTarget "FoodAppTests" */;
			buildPhases = (
				D1B0DCD729C132AA003A074A /* Sources */,
				D1B0DCD829C132AA003A074A /* Frameworks */,
				D1B0DCD929C132AA003A074A /* Resources */,
			);
			buildRules = (
			);
			dependencies = (
				D1B0DCDD29C132AA003A074A /* PBXTargetDependency */,
			);
			name = FoodAppTests;
			productName = FoodAppTests;
			productReference = D1B0DCDB29C132AA003A074A /* FoodAppTests.xctest */;
			productType = "com.apple.product-type.bundle.unit-test";
		};
		D1B0DCE429C132AA003A074A /* FoodAppUITests */ = {
			isa = PBXNativeTarget;
			buildConfigurationList = D1B0DCF529C132AA003A074A /* Build configuration list for PBXNativeTarget "FoodAppUITests" */;
			buildPhases = (
				D1B0DCE129C132AA003A074A /* Sources */,
				D1B0DCE229C132AA003A074A /* Frameworks */,
				D1B0DCE329C132AA003A074A /* Resources */,
			);
			buildRules = (
			);
			dependencies = (
				D1B0DCE729C132AA003A074A /* PBXTargetDependency */,
			);
			name = FoodAppUITests;
			productName = FoodAppUITests;
			productReference = D1B0DCE529C132AA003A074A /* FoodAppUITests.xctest */;
			productType = "com.apple.product-type.bundle.ui-testing";
		};
/* End PBXNativeTarget section */

/* Begin PBXProject section */
		D1B0DCBE29C132A5003A074A /* Project object */ = {
			isa = PBXProject;
			attributes = {
				BuildIndependentTargetsInParallel = 1;
				LastSwiftUpdateCheck = 1420;
				LastUpgradeCheck = 1420;
				TargetAttributes = {
					D1B0DCC529C132A5003A074A = {
						CreatedOnToolsVersion = 14.2;
					};
					D1B0DCDA29C132AA003A074A = {
						CreatedOnToolsVersion = 14.2;
						TestTargetID = D1B0DCC529C132A5003A074A;
					};
					D1B0DCE429C132AA003A074A = {
						CreatedOnToolsVersion = 14.2;
						TestTargetID = D1B0DCC529C132A5003A074A;
					};
				};
			};
			buildConfigurationList = D1B0DCC129C132A5003A074A /* Build configuration list for PBXProject "FoodApp" */;
			compatibilityVersion = "Xcode 14.0";
			developmentRegion = en;
			hasScannedForEncodings = 0;
			knownRegions = (
				en,
				Base,
				"es-419",
			);
			mainGroup = D1B0DCBD29C132A5003A074A;
			packageReferences = (
				D12091C229C52DF200F04C0A /* XCRemoteSwiftPackageReference "firebase-ios-sdk" */,
				D18C9C1C29CD398100FB6A61 /* XCRemoteSwiftPackageReference "Kingfisher" */,
			);
			productRefGroup = D1B0DCC729C132A5003A074A /* Products */;
			projectDirPath = "";
			projectRoot = "";
			targets = (
				D1B0DCC529C132A5003A074A /* FoodApp */,
				D1B0DCDA29C132AA003A074A /* FoodAppTests */,
				D1B0DCE429C132AA003A074A /* FoodAppUITests */,
			);
		};
/* End PBXProject section */

/* Begin PBXResourcesBuildPhase section */
		D1B0DCC429C132A5003A074A /* Resources */ = {
			isa = PBXResourcesBuildPhase;
			buildActionMask = 2147483647;
			files = (
				D1B0DCD129C132A9003A074A /* Preview Assets.xcassets in Resources */,
				D12091C129C5211300F04C0A /* GoogleService-Info.plist in Resources */,
				D12091BA29C4C16100F04C0A /* Localizable.strings in Resources */,
				D1B0DCCE29C132A9003A074A /* Assets.xcassets in Resources */,
			);
			runOnlyForDeploymentPostprocessing = 0;
		};
		D1B0DCD929C132AA003A074A /* Resources */ = {
			isa = PBXResourcesBuildPhase;
			buildActionMask = 2147483647;
			files = (
			);
			runOnlyForDeploymentPostprocessing = 0;
		};
		D1B0DCE329C132AA003A074A /* Resources */ = {
			isa = PBXResourcesBuildPhase;
			buildActionMask = 2147483647;
			files = (
			);
			runOnlyForDeploymentPostprocessing = 0;
		};
/* End PBXResourcesBuildPhase section */

/* Begin PBXSourcesBuildPhase section */
		D1B0DCC229C132A5003A074A /* Sources */ = {
			isa = PBXSourcesBuildPhase;
			buildActionMask = 2147483647;
			files = (
				D1D7FFE829C223730020033D /* NewPasswordView.swift in Sources */,
				D1D7FFE229C21F2B0020033D /* ForgotPaswordView.swift in Sources */,
				D12091CB29C52EA700F04C0A /* AppDelegate.swift in Sources */,
				D1B0DCD329C132A9003A074A /* Persistence.swift in Sources */,
				D1B0DCD629C132A9003A074A /* FoodApp.xcdatamodeld in Sources */,
				D18B0EFD29CB4B8E0092F7E5 /* HomeView.swift in Sources */,
				D1D7FFDA29C16BCA0020033D /* BienvenidaView.swift in Sources */,
				D18B0F0529CB4C580092F7E5 /* CarritoView.swift in Sources */,
				D1B333B129C3CD1E002D92B2 /* BienvenidaModelo.swift in Sources */,
				D18C9C1929CD1AF300FB6A61 /* Categoria.swift in Sources */,
				D12091CD29C5351800F04C0A /* LoginViewModel.swift in Sources */,
				D18B0F0729CB5EC30092F7E5 /* HomeViewModel.swift in Sources */,
				D18B0F0329CB4C4D0092F7E5 /* NotificationView.swift in Sources */,
				D1D7FFDF29C214300020033D /* Componentes.swift in Sources */,
				D1B333B929C3FA5C002D92B2 /* Assets.swift in Sources */,
				D1D7FFD229C169600020033D /* LoginView.swift in Sources */,
				D18B0EFF29CB4C2F0092F7E5 /* LikeView.swift in Sources */,
				D1D7FFEA29C229DC0020033D /* AppSharedViewModel.swift in Sources */,
				D1D7FFE529C222930020033D /* ResetPasswordView.swift in Sources */,
				D1B333AD29C3CB04002D92B2 /* PagingView.swift in Sources */,
				D1D7FFDD29C212D60020033D /* TabPrincipalView.swift in Sources */,
				D10BB78E29C678880074C6C6 /* Extension.swift in Sources */,
				D18B0EF629CA8C0F0092F7E5 /* CreateCuentaViewModel.swift in Sources */,
				D1D7FFD729C169CA0020033D /* CreateCuentaView.swift in Sources */,
				D1B0DCCA29C132A5003A074A /* Food_App.swift in Sources */,
				D1B333B729C3E3DB002D92B2 /* L10n.swift in Sources */,
				D18B0F0129CB4C3B0092F7E5 /* LupaView.swift in Sources */,
				D1B333AF29C3CB15002D92B2 /* PageControlView.swift in Sources */,
			);
			runOnlyForDeploymentPostprocessing = 0;
		};
		D1B0DCD729C132AA003A074A /* Sources */ = {
			isa = PBXSourcesBuildPhase;
			buildActionMask = 2147483647;
			files = (
				D1B0DCE029C132AA003A074A /* FoodAppTests.swift in Sources */,
			);
			runOnlyForDeploymentPostprocessing = 0;
		};
		D1B0DCE129C132AA003A074A /* Sources */ = {
			isa = PBXSourcesBuildPhase;
			buildActionMask = 2147483647;
			files = (
				D1B0DCEC29C132AA003A074A /* FoodAppUITestsLaunchTests.swift in Sources */,
				D1B0DCEA29C132AA003A074A /* FoodAppUITests.swift in Sources */,
			);
			runOnlyForDeploymentPostprocessing = 0;
		};
/* End PBXSourcesBuildPhase section */

/* Begin PBXTargetDependency section */
		D1B0DCDD29C132AA003A074A /* PBXTargetDependency */ = {
			isa = PBXTargetDependency;
			target = D1B0DCC529C132A5003A074A /* FoodApp */;
			targetProxy = D1B0DCDC29C132AA003A074A /* PBXContainerItemProxy */;
		};
		D1B0DCE729C132AA003A074A /* PBXTargetDependency */ = {
			isa = PBXTargetDependency;
			target = D1B0DCC529C132A5003A074A /* FoodApp */;
			targetProxy = D1B0DCE629C132AA003A074A /* PBXContainerItemProxy */;
		};
/* End PBXTargetDependency section */

/* Begin PBXVariantGroup section */
		D12091BC29C4C16100F04C0A /* Localizable.strings */ = {
			isa = PBXVariantGroup;
			children = (
				D12091BB29C4C16100F04C0A /* en */,
				D12091BD29C4C1D900F04C0A /* es-419 */,
			);
			name = Localizable.strings;
			sourceTree = "<group>";
		};
/* End PBXVariantGroup section */

/* Begin XCBuildConfiguration section */
		D1B0DCED29C132AA003A074A /* Debug */ = {
			isa = XCBuildConfiguration;
			buildSettings = {
				ALWAYS_SEARCH_USER_PATHS = NO;
				CLANG_ANALYZER_LOCALIZABILITY_NONLOCALIZED = YES;
				CLANG_ANALYZER_NONNULL = YES;
				CLANG_ANALYZER_NUMBER_OBJECT_CONVERSION = YES_AGGRESSIVE;
				CLANG_CXX_LANGUAGE_STANDARD = "gnu++20";
				CLANG_ENABLE_MODULES = YES;
				CLANG_ENABLE_OBJC_ARC = YES;
				CLANG_ENABLE_OBJC_WEAK = YES;
				CLANG_WARN_BLOCK_CAPTURE_AUTORELEASING = YES;
				CLANG_WARN_BOOL_CONVERSION = YES;
				CLANG_WARN_COMMA = YES;
				CLANG_WARN_CONSTANT_CONVERSION = YES;
				CLANG_WARN_DEPRECATED_OBJC_IMPLEMENTATIONS = YES;
				CLANG_WARN_DIRECT_OBJC_ISA_USAGE = YES_ERROR;
				CLANG_WARN_DOCUMENTATION_COMMENTS = YES;
				CLANG_WARN_EMPTY_BODY = YES;
				CLANG_WARN_ENUM_CONVERSION = YES;
				CLANG_WARN_INFINITE_RECURSION = YES;
				CLANG_WARN_INT_CONVERSION = YES;
				CLANG_WARN_NON_LITERAL_NULL_CONVERSION = YES;
				CLANG_WARN_OBJC_IMPLICIT_RETAIN_SELF = YES;
				CLANG_WARN_OBJC_LITERAL_CONVERSION = YES;
				CLANG_WARN_OBJC_ROOT_CLASS = YES_ERROR;
				CLANG_WARN_QUOTED_INCLUDE_IN_FRAMEWORK_HEADER = YES;
				CLANG_WARN_RANGE_LOOP_ANALYSIS = YES;
				CLANG_WARN_STRICT_PROTOTYPES = YES;
				CLANG_WARN_SUSPICIOUS_MOVE = YES;
				CLANG_WARN_UNGUARDED_AVAILABILITY = YES_AGGRESSIVE;
				CLANG_WARN_UNREACHABLE_CODE = YES;
				CLANG_WARN__DUPLICATE_METHOD_MATCH = YES;
				COPY_PHASE_STRIP = NO;
				DEBUG_INFORMATION_FORMAT = dwarf;
				ENABLE_STRICT_OBJC_MSGSEND = YES;
				ENABLE_TESTABILITY = YES;
				GCC_C_LANGUAGE_STANDARD = gnu11;
				GCC_DYNAMIC_NO_PIC = NO;
				GCC_NO_COMMON_BLOCKS = YES;
				GCC_OPTIMIZATION_LEVEL = 0;
				GCC_PREPROCESSOR_DEFINITIONS = (
					"DEBUG=1",
					"$(inherited)",
				);
				GCC_WARN_64_TO_32_BIT_CONVERSION = YES;
				GCC_WARN_ABOUT_RETURN_TYPE = YES_ERROR;
				GCC_WARN_UNDECLARED_SELECTOR = YES;
				GCC_WARN_UNINITIALIZED_AUTOS = YES_AGGRESSIVE;
				GCC_WARN_UNUSED_FUNCTION = YES;
				GCC_WARN_UNUSED_VARIABLE = YES;
				IPHONEOS_DEPLOYMENT_TARGET = 14.0;
				MTL_ENABLE_DEBUG_INFO = INCLUDE_SOURCE;
				MTL_FAST_MATH = YES;
				ONLY_ACTIVE_ARCH = YES;
				SDKROOT = iphoneos;
				SWIFT_ACTIVE_COMPILATION_CONDITIONS = DEBUG;
				SWIFT_OPTIMIZATION_LEVEL = "-Onone";
			};
			name = Debug;
		};
		D1B0DCEE29C132AA003A074A /* Release */ = {
			isa = XCBuildConfiguration;
			buildSettings = {
				ALWAYS_SEARCH_USER_PATHS = NO;
				CLANG_ANALYZER_LOCALIZABILITY_NONLOCALIZED = YES;
				CLANG_ANALYZER_NONNULL = YES;
				CLANG_ANALYZER_NUMBER_OBJECT_CONVERSION = YES_AGGRESSIVE;
				CLANG_CXX_LANGUAGE_STANDARD = "gnu++20";
				CLANG_ENABLE_MODULES = YES;
				CLANG_ENABLE_OBJC_ARC = YES;
				CLANG_ENABLE_OBJC_WEAK = YES;
				CLANG_WARN_BLOCK_CAPTURE_AUTORELEASING = YES;
				CLANG_WARN_BOOL_CONVERSION = YES;
				CLANG_WARN_COMMA = YES;
				CLANG_WARN_CONSTANT_CONVERSION = YES;
				CLANG_WARN_DEPRECATED_OBJC_IMPLEMENTATIONS = YES;
				CLANG_WARN_DIRECT_OBJC_ISA_USAGE = YES_ERROR;
				CLANG_WARN_DOCUMENTATION_COMMENTS = YES;
				CLANG_WARN_EMPTY_BODY = YES;
				CLANG_WARN_ENUM_CONVERSION = YES;
				CLANG_WARN_INFINITE_RECURSION = YES;
				CLANG_WARN_INT_CONVERSION = YES;
				CLANG_WARN_NON_LITERAL_NULL_CONVERSION = YES;
				CLANG_WARN_OBJC_IMPLICIT_RETAIN_SELF = YES;
				CLANG_WARN_OBJC_LITERAL_CONVERSION = YES;
				CLANG_WARN_OBJC_ROOT_CLASS = YES_ERROR;
				CLANG_WARN_QUOTED_INCLUDE_IN_FRAMEWORK_HEADER = YES;
				CLANG_WARN_RANGE_LOOP_ANALYSIS = YES;
				CLANG_WARN_STRICT_PROTOTYPES = YES;
				CLANG_WARN_SUSPICIOUS_MOVE = YES;
				CLANG_WARN_UNGUARDED_AVAILABILITY = YES_AGGRESSIVE;
				CLANG_WARN_UNREACHABLE_CODE = YES;
				CLANG_WARN__DUPLICATE_METHOD_MATCH = YES;
				COPY_PHASE_STRIP = NO;
				DEBUG_INFORMATION_FORMAT = "dwarf-with-dsym";
				ENABLE_NS_ASSERTIONS = NO;
				ENABLE_STRICT_OBJC_MSGSEND = YES;
				GCC_C_LANGUAGE_STANDARD = gnu11;
				GCC_NO_COMMON_BLOCKS = YES;
				GCC_WARN_64_TO_32_BIT_CONVERSION = YES;
				GCC_WARN_ABOUT_RETURN_TYPE = YES_ERROR;
				GCC_WARN_UNDECLARED_SELECTOR = YES;
				GCC_WARN_UNINITIALIZED_AUTOS = YES_AGGRESSIVE;
				GCC_WARN_UNUSED_FUNCTION = YES;
				GCC_WARN_UNUSED_VARIABLE = YES;
				IPHONEOS_DEPLOYMENT_TARGET = 14.0;
				MTL_ENABLE_DEBUG_INFO = NO;
				MTL_FAST_MATH = YES;
				SDKROOT = iphoneos;
				SWIFT_COMPILATION_MODE = wholemodule;
				SWIFT_OPTIMIZATION_LEVEL = "-O";
				VALIDATE_PRODUCT = YES;
			};
			name = Release;
		};
		D1B0DCF029C132AA003A074A /* Debug */ = {
			isa = XCBuildConfiguration;
			buildSettings = {
				ASSETCATALOG_COMPILER_APPICON_NAME = AppIcon;
				ASSETCATALOG_COMPILER_GLOBAL_ACCENT_COLOR_NAME = AccentColor;
				CODE_SIGN_STYLE = Automatic;
				CURRENT_PROJECT_VERSION = 1;
				DEVELOPMENT_ASSET_PATHS = "\"FoodApp/Preview Content\"";
				DEVELOPMENT_TEAM = H9JXH336V5;
				ENABLE_PREVIEWS = YES;
				GENERATE_INFOPLIST_FILE = YES;
				INFOPLIST_FILE = FoodApp/Info.plist;
				INFOPLIST_KEY_UIApplicationSceneManifest_Generation = YES;
				INFOPLIST_KEY_UIApplicationSupportsIndirectInputEvents = YES;
				INFOPLIST_KEY_UISupportedInterfaceOrientations_iPad = "UIInterfaceOrientationPortrait UIInterfaceOrientationPortraitUpsideDown UIInterfaceOrientationLandscapeLeft UIInterfaceOrientationLandscapeRight";
				INFOPLIST_KEY_UISupportedInterfaceOrientations_iPhone = "UIInterfaceOrientationPortrait UIInterfaceOrientationLandscapeLeft UIInterfaceOrientationLandscapeRight";
				IPHONEOS_DEPLOYMENT_TARGET = 14.0;
				LD_RUNPATH_SEARCH_PATHS = (
					"$(inherited)",
					"@executable_path/Frameworks",
				);
				MARKETING_VERSION = 1.0;
				PRODUCT_BUNDLE_IDENTIFIER = com.laclave.FoodApp;
				PRODUCT_NAME = "$(TARGET_NAME)";
				SWIFT_EMIT_LOC_STRINGS = YES;
				SWIFT_VERSION = 5.0;
				TARGETED_DEVICE_FAMILY = "1,2";
			};
			name = Debug;
		};
		D1B0DCF129C132AA003A074A /* Release */ = {
			isa = XCBuildConfiguration;
			buildSettings = {
				ASSETCATALOG_COMPILER_APPICON_NAME = AppIcon;
				ASSETCATALOG_COMPILER_GLOBAL_ACCENT_COLOR_NAME = AccentColor;
				CODE_SIGN_STYLE = Automatic;
				CURRENT_PROJECT_VERSION = 1;
				DEVELOPMENT_ASSET_PATHS = "\"FoodApp/Preview Content\"";
				DEVELOPMENT_TEAM = H9JXH336V5;
				ENABLE_PREVIEWS = YES;
				GENERATE_INFOPLIST_FILE = YES;
				INFOPLIST_FILE = FoodApp/Info.plist;
				INFOPLIST_KEY_UIApplicationSceneManifest_Generation = YES;
				INFOPLIST_KEY_UIApplicationSupportsIndirectInputEvents = YES;
				INFOPLIST_KEY_UISupportedInterfaceOrientations_iPad = "UIInterfaceOrientationPortrait UIInterfaceOrientationPortraitUpsideDown UIInterfaceOrientationLandscapeLeft UIInterfaceOrientationLandscapeRight";
				INFOPLIST_KEY_UISupportedInterfaceOrientations_iPhone = "UIInterfaceOrientationPortrait UIInterfaceOrientationLandscapeLeft UIInterfaceOrientationLandscapeRight";
				IPHONEOS_DEPLOYMENT_TARGET = 14.0;
				LD_RUNPATH_SEARCH_PATHS = (
					"$(inherited)",
					"@executable_path/Frameworks",
				);
				MARKETING_VERSION = 1.0;
				PRODUCT_BUNDLE_IDENTIFIER = com.laclave.FoodApp;
				PRODUCT_NAME = "$(TARGET_NAME)";
				SWIFT_EMIT_LOC_STRINGS = YES;
				SWIFT_VERSION = 5.0;
				TARGETED_DEVICE_FAMILY = "1,2";
			};
			name = Release;
		};
		D1B0DCF329C132AA003A074A /* Debug */ = {
			isa = XCBuildConfiguration;
			buildSettings = {
				ALWAYS_EMBED_SWIFT_STANDARD_LIBRARIES = YES;
				BUNDLE_LOADER = "$(TEST_HOST)";
				CODE_SIGN_STYLE = Automatic;
				CURRENT_PROJECT_VERSION = 1;
				DEVELOPMENT_TEAM = H9JXH336V5;
				GENERATE_INFOPLIST_FILE = YES;
				IPHONEOS_DEPLOYMENT_TARGET = 16.2;
				MARKETING_VERSION = 1.0;
				PRODUCT_BUNDLE_IDENTIFIER = com.laclave.FoodAppTests;
				PRODUCT_NAME = "$(TARGET_NAME)";
				SWIFT_EMIT_LOC_STRINGS = NO;
				SWIFT_VERSION = 5.0;
				TARGETED_DEVICE_FAMILY = "1,2";
				TEST_HOST = "$(BUILT_PRODUCTS_DIR)/FoodApp.app/$(BUNDLE_EXECUTABLE_FOLDER_PATH)/FoodApp";
			};
			name = Debug;
		};
		D1B0DCF429C132AA003A074A /* Release */ = {
			isa = XCBuildConfiguration;
			buildSettings = {
				ALWAYS_EMBED_SWIFT_STANDARD_LIBRARIES = YES;
				BUNDLE_LOADER = "$(TEST_HOST)";
				CODE_SIGN_STYLE = Automatic;
				CURRENT_PROJECT_VERSION = 1;
				DEVELOPMENT_TEAM = H9JXH336V5;
				GENERATE_INFOPLIST_FILE = YES;
				IPHONEOS_DEPLOYMENT_TARGET = 16.2;
				MARKETING_VERSION = 1.0;
				PRODUCT_BUNDLE_IDENTIFIER = com.laclave.FoodAppTests;
				PRODUCT_NAME = "$(TARGET_NAME)";
				SWIFT_EMIT_LOC_STRINGS = NO;
				SWIFT_VERSION = 5.0;
				TARGETED_DEVICE_FAMILY = "1,2";
				TEST_HOST = "$(BUILT_PRODUCTS_DIR)/FoodApp.app/$(BUNDLE_EXECUTABLE_FOLDER_PATH)/FoodApp";
			};
			name = Release;
		};
		D1B0DCF629C132AA003A074A /* Debug */ = {
			isa = XCBuildConfiguration;
			buildSettings = {
				ALWAYS_EMBED_SWIFT_STANDARD_LIBRARIES = YES;
				CODE_SIGN_STYLE = Automatic;
				CURRENT_PROJECT_VERSION = 1;
				DEVELOPMENT_TEAM = H9JXH336V5;
				GENERATE_INFOPLIST_FILE = YES;
				MARKETING_VERSION = 1.0;
				PRODUCT_BUNDLE_IDENTIFIER = com.laclave.FoodAppUITests;
				PRODUCT_NAME = "$(TARGET_NAME)";
				SWIFT_EMIT_LOC_STRINGS = NO;
				SWIFT_VERSION = 5.0;
				TARGETED_DEVICE_FAMILY = "1,2";
				TEST_TARGET_NAME = FoodApp;
			};
			name = Debug;
		};
		D1B0DCF729C132AA003A074A /* Release */ = {
			isa = XCBuildConfiguration;
			buildSettings = {
				ALWAYS_EMBED_SWIFT_STANDARD_LIBRARIES = YES;
				CODE_SIGN_STYLE = Automatic;
				CURRENT_PROJECT_VERSION = 1;
				DEVELOPMENT_TEAM = H9JXH336V5;
				GENERATE_INFOPLIST_FILE = YES;
				MARKETING_VERSION = 1.0;
				PRODUCT_BUNDLE_IDENTIFIER = com.laclave.FoodAppUITests;
				PRODUCT_NAME = "$(TARGET_NAME)";
				SWIFT_EMIT_LOC_STRINGS = NO;
				SWIFT_VERSION = 5.0;
				TARGETED_DEVICE_FAMILY = "1,2";
				TEST_TARGET_NAME = FoodApp;
			};
			name = Release;
		};
/* End XCBuildConfiguration section */

/* Begin XCConfigurationList section */
		D1B0DCC129C132A5003A074A /* Build configuration list for PBXProject "FoodApp" */ = {
			isa = XCConfigurationList;
			buildConfigurations = (
				D1B0DCED29C132AA003A074A /* Debug */,
				D1B0DCEE29C132AA003A074A /* Release */,
			);
			defaultConfigurationIsVisible = 0;
			defaultConfigurationName = Release;
		};
		D1B0DCEF29C132AA003A074A /* Build configuration list for PBXNativeTarget "FoodApp" */ = {
			isa = XCConfigurationList;
			buildConfigurations = (
				D1B0DCF029C132AA003A074A /* Debug */,
				D1B0DCF129C132AA003A074A /* Release */,
			);
			defaultConfigurationIsVisible = 0;
			defaultConfigurationName = Release;
		};
		D1B0DCF229C132AA003A074A /* Build configuration list for PBXNativeTarget "FoodAppTests" */ = {
			isa = XCConfigurationList;
			buildConfigurations = (
				D1B0DCF329C132AA003A074A /* Debug */,
				D1B0DCF429C132AA003A074A /* Release */,
			);
			defaultConfigurationIsVisible = 0;
			defaultConfigurationName = Release;
		};
		D1B0DCF529C132AA003A074A /* Build configuration list for PBXNativeTarget "FoodAppUITests" */ = {
			isa = XCConfigurationList;
			buildConfigurations = (
				D1B0DCF629C132AA003A074A /* Debug */,
				D1B0DCF729C132AA003A074A /* Release */,
			);
			defaultConfigurationIsVisible = 0;
			defaultConfigurationName = Release;
		};
/* End XCConfigurationList section */

/* Begin XCRemoteSwiftPackageReference section */
		D12091C229C52DF200F04C0A /* XCRemoteSwiftPackageReference "firebase-ios-sdk" */ = {
			isa = XCRemoteSwiftPackageReference;
			repositoryURL = "https://github.com/firebase/firebase-ios-sdk.git";
			requirement = {
				branch = master;
				kind = branch;
			};
		};
		D18C9C1C29CD398100FB6A61 /* XCRemoteSwiftPackageReference "Kingfisher" */ = {
			isa = XCRemoteSwiftPackageReference;
			repositoryURL = "https://github.com/onevcat/Kingfisher";
			requirement = {
				kind = upToNextMajorVersion;
				minimumVersion = 7.0.0;
			};
		};
/* End XCRemoteSwiftPackageReference section */

/* Begin XCSwiftPackageProductDependency section */
		D10BB78A29C65CC70074C6C6 /* FirebaseAuth */ = {
			isa = XCSwiftPackageProductDependency;
			package = D12091C229C52DF200F04C0A /* XCRemoteSwiftPackageReference "firebase-ios-sdk" */;
			productName = FirebaseAuth;
		};
		D12091C329C52DF200F04C0A /* FirebaseAnalytics */ = {
			isa = XCSwiftPackageProductDependency;
			package = D12091C229C52DF200F04C0A /* XCRemoteSwiftPackageReference "firebase-ios-sdk" */;
			productName = FirebaseAnalytics;
		};
		D12091C529C52DF200F04C0A /* FirebaseAnalyticsSwift */ = {
			isa = XCSwiftPackageProductDependency;
			package = D12091C229C52DF200F04C0A /* XCRemoteSwiftPackageReference "firebase-ios-sdk" */;
			productName = FirebaseAnalyticsSwift;
		};
		D12091C729C52DF200F04C0A /* FirebaseAnalyticsWithoutAdIdSupport */ = {
			isa = XCSwiftPackageProductDependency;
			package = D12091C229C52DF200F04C0A /* XCRemoteSwiftPackageReference "firebase-ios-sdk" */;
			productName = FirebaseAnalyticsWithoutAdIdSupport;
		};
		D18C9C1629CD096600FB6A61 /* FirebaseStorage */ = {
			isa = XCSwiftPackageProductDependency;
			package = D12091C229C52DF200F04C0A /* XCRemoteSwiftPackageReference "firebase-ios-sdk" */;
			productName = FirebaseStorage;
		};
		D18C9C1A29CD1B4800FB6A61 /* FirebaseFirestore */ = {
			isa = XCSwiftPackageProductDependency;
			package = D12091C229C52DF200F04C0A /* XCRemoteSwiftPackageReference "firebase-ios-sdk" */;
			productName = FirebaseFirestore;
		};
		D18C9C1D29CD398100FB6A61 /* Kingfisher */ = {
			isa = XCSwiftPackageProductDependency;
			package = D18C9C1C29CD398100FB6A61 /* XCRemoteSwiftPackageReference "Kingfisher" */;
			productName = Kingfisher;
		};
/* End XCSwiftPackageProductDependency section */

/* Begin XCVersionGroup section */
		D1B0DCD429C132A9003A074A /* FoodApp.xcdatamodeld */ = {
			isa = XCVersionGroup;
			children = (
				D1B0DCD529C132A9003A074A /* FoodApp.xcdatamodel */,
			);
			currentVersion = D1B0DCD529C132A9003A074A /* FoodApp.xcdatamodel */;
			path = FoodApp.xcdatamodeld;
			sourceTree = "<group>";
			versionGroupType = wrapper.xcdatamodel;
		};
/* End XCVersionGroup section */
	};
	rootObject = D1B0DCBE29C132A5003A074A /* Project object */;
}
